
Microsoft Visual Studio Solution File, Format Version 12.00
# Visual Studio Version 16
VisualStudioVersion = 16.0.29503.13
MinimumVisualStudioVersion = 10.0.40219.1
Project("{9A19103F-16F7-4668-BE54-9A1E7A4F7556}") = "eLibraryClasses", "eLibraryClasses\eLibraryClasses.csproj", "{46A6F076-70CB-424E-A0A6-E8508BB2B3DA}"
EndProject
Project("{FAE04EC0-301F-11D3-BF4B-00C04F79EFBC}") = "eLibraryUI", "eLibraryUI\eLibraryUI.csproj", "{5750F0A0-A737-4357-82C7-CFB2F33A8F23}"
EndProject
Project("{FAE04EC0-301F-11D3-BF4B-00C04F79EFBC}") = "eLibraryClasses.Tests", "eLibraryClasses.Tests\eLibraryClasses.Tests.csproj", "{326197E4-069F-4F98-8551-0C461324012F}"
EndProject
Global
	GlobalSection(SolutionConfigurationPlatforms) = preSolution
		Debug|Any CPU = Debug|Any CPU
		Release|Any CPU = Release|Any CPU
	EndGlobalSection
	GlobalSection(ProjectConfigurationPlatforms) = postSolution
		{46A6F076-70CB-424E-A0A6-E8508BB2B3DA}.Debug|Any CPU.ActiveCfg = Debug|Any CPU
		{46A6F076-70CB-424E-A0A6-E8508BB2B3DA}.Debug|Any CPU.Build.0 = Debug|Any CPU
		{46A6F076-70CB-424E-A0A6-E8508BB2B3DA}.Release|Any CPU.ActiveCfg = Release|Any CPU
		{46A6F076-70CB-424E-A0A6-E8508BB2B3DA}.Release|Any CPU.Build.0 = Release|Any CPU
		{5750F0A0-A737-4357-82C7-CFB2F33A8F23}.Debug|Any CPU.ActiveCfg = Debug|Any CPU
		{5750F0A0-A737-4357-82C7-CFB2F33A8F23}.Debug|Any CPU.Build.0 = Debug|Any CPU
		{5750F0A0-A737-4357-82C7-CFB2F33A8F23}.Release|Any CPU.ActiveCfg = Release|Any CPU
		{5750F0A0-A737-4357-82C7-CFB2F33A8F23}.Release|Any CPU.Build.0 = Release|Any CPU
		{326197E4-069F-4F98-8551-0C461324012F}.Debug|Any CPU.ActiveCfg = Debug|Any CPU
		{326197E4-069F-4F98-8551-0C461324012F}.Debug|Any CPU.Build.0 = Debug|Any CPU
		{326197E4-069F-4F98-8551-0C461324012F}.Release|Any CPU.ActiveCfg = Release|Any CPU
		{326197E4-069F-4F98-8551-0C461324012F}.Release|Any CPU.Build.0 = Release|Any CPU
	EndGlobalSection
	GlobalSection(SolutionProperties) = preSolution
		HideSolutionNode = FALSE
	EndGlobalSection
	GlobalSection(ExtensibilityGlobals) = postSolution
		SolutionGuid = {E0491125-E4EA-48DF-89C3-D574EFB0429B}
	EndGlobalSection
EndGlobal
